
Microsoft Visual Studio Solution File, Format Version 12.00
# Visual Studio Version 16
Project("{8BC9CEB8-8B4A-11D0-8D11-00A0C91BC942}") = "ALL_BUILD", "ALL_BUILD.vcxproj", "{6B0776D6-CF0B-3B87-9CD0-7C1786C2F775}"
	ProjectSection(ProjectDependencies) = postProject
		{ACBF4F64-1864-3AE3-91A1-AAFDE352365E} = {ACBF4F64-1864-3AE3-91A1-AAFDE352365E}
		{7761AEE3-E6EC-3CB5-A777-A07BBD72337B} = {7761AEE3-E6EC-3CB5-A777-A07BBD72337B}
	EndProjectSection
EndProject
Project("{8BC9CEB8-8B4A-11D0-8D11-00A0C91BC942}") = "ZERO_CHECK", "ZERO_CHECK.vcxproj", "{ACBF4F64-1864-3AE3-91A1-AAFDE352365E}"
	ProjectSection(ProjectDependencies) = postProject
	EndProjectSection
EndProject
Project("{8BC9CEB8-8B4A-11D0-8D11-00A0C91BC942}") = "glad", "glad.vcxproj", "{7761AEE3-E6EC-3CB5-A777-A07BBD72337B}"
	ProjectSection(ProjectDependencies) = postProject
		{ACBF4F64-1864-3AE3-91A1-AAFDE352365E} = {ACBF4F64-1864-3AE3-91A1-AAFDE352365E}
		{ABDFFFAF-D809-3CB6-A297-638481257D72} = {ABDFFFAF-D809-3CB6-A297-638481257D72}
	EndProjectSection
EndProject
Project("{8BC9CEB8-8B4A-11D0-8D11-00A0C91BC942}") = "glad-generate-files", "glad-generate-files.vcxproj", "{ABDFFFAF-D809-3CB6-A297-638481257D72}"
	ProjectSection(ProjectDependencies) = postProject
		{ACBF4F64-1864-3AE3-91A1-AAFDE352365E} = {ACBF4F64-1864-3AE3-91A1-AAFDE352365E}
	EndProjectSection
EndProject
Global
	GlobalSection(SolutionConfigurationPlatforms) = preSolution
		Debug|x64 = Debug|x64
		Release|x64 = Release|x64
		MinSizeRel|x64 = MinSizeRel|x64
		RelWithDebInfo|x64 = RelWithDebInfo|x64
	EndGlobalSection
	GlobalSection(ProjectConfigurationPlatforms) = postSolution
		{6B0776D6-CF0B-3B87-9CD0-7C1786C2F775}.Debug|x64.ActiveCfg = Debug|x64
		{6B0776D6-CF0B-3B87-9CD0-7C1786C2F775}.Release|x64.ActiveCfg = Release|x64
		{6B0776D6-CF0B-3B87-9CD0-7C1786C2F775}.MinSizeRel|x64.ActiveCfg = MinSizeRel|x64
		{6B0776D6-CF0B-3B87-9CD0-7C1786C2F775}.RelWithDebInfo|x64.ActiveCfg = RelWithDebInfo|x64
		{ACBF4F64-1864-3AE3-91A1-AAFDE352365E}.Debug|x64.ActiveCfg = Debug|x64
		{ACBF4F64-1864-3AE3-91A1-AAFDE352365E}.Debug|x64.Build.0 = Debug|x64
		{ACBF4F64-1864-3AE3-91A1-AAFDE352365E}.Release|x64.ActiveCfg = Release|x64
		{ACBF4F64-1864-3AE3-91A1-AAFDE352365E}.Release|x64.Build.0 = Release|x64
		{ACBF4F64-1864-3AE3-91A1-AAFDE352365E}.MinSizeRel|x64.ActiveCfg = MinSizeRel|x64
		{ACBF4F64-1864-3AE3-91A1-AAFDE352365E}.MinSizeRel|x64.Build.0 = MinSizeRel|x64
		{ACBF4F64-1864-3AE3-91A1-AAFDE352365E}.RelWithDebInfo|x64.ActiveCfg = RelWithDebInfo|x64
		{ACBF4F64-1864-3AE3-91A1-AAFDE352365E}.RelWithDebInfo|x64.Build.0 = RelWithDebInfo|x64
		{7761AEE3-E6EC-3CB5-A777-A07BBD72337B}.Debug|x64.ActiveCfg = Debug|x64
		{7761AEE3-E6EC-3CB5-A777-A07BBD72337B}.Debug|x64.Build.0 = Debug|x64
		{7761AEE3-E6EC-3CB5-A777-A07BBD72337B}.Release|x64.ActiveCfg = Release|x64
		{7761AEE3-E6EC-3CB5-A777-A07BBD72337B}.Release|x64.Build.0 = Release|x64
		{7761AEE3-E6EC-3CB5-A777-A07BBD72337B}.MinSizeRel|x64.ActiveCfg = MinSizeRel|x64
		{7761AEE3-E6EC-3CB5-A777-A07BBD72337B}.MinSizeRel|x64.Build.0 = MinSizeRel|x64
		{7761AEE3-E6EC-3CB5-A777-A07BBD72337B}.RelWithDebInfo|x64.ActiveCfg = RelWithDebInfo|x64
		{7761AEE3-E6EC-3CB5-A777-A07BBD72337B}.RelWithDebInfo|x64.Build.0 = RelWithDebInfo|x64
		{ABDFFFAF-D809-3CB6-A297-638481257D72}.Debug|x64.ActiveCfg = Debug|x64
		{ABDFFFAF-D809-3CB6-A297-638481257D72}.Debug|x64.Build.0 = Debug|x64
		{ABDFFFAF-D809-3CB6-A297-638481257D72}.Release|x64.ActiveCfg = Release|x64
		{ABDFFFAF-D809-3CB6-A297-638481257D72}.Release|x64.Build.0 = Release|x64
		{ABDFFFAF-D809-3CB6-A297-638481257D72}.MinSizeRel|x64.ActiveCfg = MinSizeRel|x64
		{ABDFFFAF-D809-3CB6-A297-638481257D72}.MinSizeRel|x64.Build.0 = MinSizeRel|x64
		{ABDFFFAF-D809-3CB6-A297-638481257D72}.RelWithDebInfo|x64.ActiveCfg = RelWithDebInfo|x64
		{ABDFFFAF-D809-3CB6-A297-638481257D72}.RelWithDebInfo|x64.Build.0 = RelWithDebInfo|x64
	EndGlobalSection
	GlobalSection(ExtensibilityGlobals) = postSolution
		SolutionGuid = {424F79F3-A1FC-3056-8A8E-9FC08CE94742}
	EndGlobalSection
	GlobalSection(ExtensibilityAddIns) = postSolution
	EndGlobalSection
EndGlobal
