<?xml version="1.0" encoding="utf-8"?>
<Project ToolsVersion="16.0" xmlns="http://schemas.microsoft.com/developer/msbuild/2003">
  <ItemGroup>
    <ClCompile Include="C:\Users\16070001006\Projects\Squirrel-Engine\Squirrel-Engine\lib\glad\build\src\glad.c">
      <Filter>Source Files</Filter>
    </ClCompile>
  </ItemGroup>
  <ItemGroup>
    <ClInclude Include="C:\Users\16070001006\Projects\Squirrel-Engine\Squirrel-Engine\lib\glad\build\include\glad\glad.h">
      <Filter>Header Files</Filter>
    </ClInclude>
  </ItemGroup>
  <ItemGroup>
    <CustomBuild Include="C:\Users\16070001006\Projects\Squirrel-Engine\Squirrel-Engine\lib\glad\CMakeLists.txt" />
  </ItemGroup>
  <ItemGroup>
    <Filter Include="CMake Rules">
      <UniqueIdentifier>{FF55ED3A-D1BE-3205-B257-A75FCEF4BA3C}</UniqueIdentifier>
    </Filter>
    <Filter Include="Header Files">
      <UniqueIdentifier>{D87CD379-99DA-3412-BBB8-97C6E2F66700}</UniqueIdentifier>
    </Filter>
    <Filter Include="Source Files">
      <UniqueIdentifier>{A4809C8E-90A9-3750-A9D3-B42752CF99B9}</UniqueIdentifier>
    </Filter>
  </ItemGroup>
</Project>
