<?xml version="1.0" encoding="utf-8"?>
<Project ToolsVersion="16.0" xmlns="http://schemas.microsoft.com/developer/msbuild/2003">
  <ItemGroup>
    <CustomBuild Include="C:\Users\16070001006\Projects\Squirrel-Engine\Squirrel-Engine\lib\glad\build\CMakeFiles\87a7f19ee5371ea8e2cd03b6df174b5e\glad.c.rule">
      <Filter>CMake Rules</Filter>
    </CustomBuild>
    <CustomBuild Include="C:\Users\16070001006\Projects\Squirrel-Engine\Squirrel-Engine\lib\glad\build\CMakeFiles\367f40b905cc81a112bfe29ca98c0475\glad-generate-files.rule">
      <Filter>CMake Rules</Filter>
    </CustomBuild>
    <CustomBuild Include="C:\Users\16070001006\Projects\Squirrel-Engine\Squirrel-Engine\lib\glad\CMakeLists.txt" />
  </ItemGroup>
  <ItemGroup>
    <None Include="C:\Users\16070001006\Projects\Squirrel-Engine\Squirrel-Engine\lib\glad\build\CMakeFiles\glad-generate-files" />
  </ItemGroup>
  <ItemGroup>
    <Filter Include="CMake Rules">
      <UniqueIdentifier>{FF55ED3A-D1BE-3205-B257-A75FCEF4BA3C}</UniqueIdentifier>
    </Filter>
  </ItemGroup>
</Project>
